
Microsoft Visual Studio Solution File, Format Version 12.00
# Visual Studio Version 16
VisualStudioVersion = 16.0.30413.136
MinimumVisualStudioVersion = 10.0.40219.1
Project("{FAE04EC0-301F-11D3-BF4B-00C04F79EFBC}") = "PubSubSample.Service", "PubSubSample.Service\PubSubSample.Service.csproj", "{466B316D-C872-49A4-932A-232ABC22E3DD}"
EndProject
Project("{FAE04EC0-301F-11D3-BF4B-00C04F79EFBC}") = "PubSubSample.Client", "PubSubSample.Client\PubSubSample.Client.csproj", "{F516E5D8-8EEF-4E22-A7D2-A4EA394B54E2}"
EndProject
Project("{FAE04EC0-301F-11D3-BF4B-00C04F79EFBC}") = "PubSubSample.Contracts", "PubSubSample.Contracts\PubSubSample.Contracts.csproj", "{282F4D4B-35C2-435D-B4C7-80229459E5C7}"
EndProject
Global
	GlobalSection(SolutionConfigurationPlatforms) = preSolution
		Debug|Any CPU = Debug|Any CPU
		Release|Any CPU = Release|Any CPU
	EndGlobalSection
	GlobalSection(ProjectConfigurationPlatforms) = postSolution
		{466B316D-C872-49A4-932A-232ABC22E3DD}.Debug|Any CPU.ActiveCfg = Debug|Any CPU
		{466B316D-C872-49A4-932A-232ABC22E3DD}.Debug|Any CPU.Build.0 = Debug|Any CPU
		{466B316D-C872-49A4-932A-232ABC22E3DD}.Release|Any CPU.ActiveCfg = Release|Any CPU
		{466B316D-C872-49A4-932A-232ABC22E3DD}.Release|Any CPU.Build.0 = Release|Any CPU
		{F516E5D8-8EEF-4E22-A7D2-A4EA394B54E2}.Debug|Any CPU.ActiveCfg = Debug|Any CPU
		{F516E5D8-8EEF-4E22-A7D2-A4EA394B54E2}.Debug|Any CPU.Build.0 = Debug|Any CPU
		{F516E5D8-8EEF-4E22-A7D2-A4EA394B54E2}.Release|Any CPU.ActiveCfg = Release|Any CPU
		{F516E5D8-8EEF-4E22-A7D2-A4EA394B54E2}.Release|Any CPU.Build.0 = Release|Any CPU
		{282F4D4B-35C2-435D-B4C7-80229459E5C7}.Debug|Any CPU.ActiveCfg = Debug|Any CPU
		{282F4D4B-35C2-435D-B4C7-80229459E5C7}.Debug|Any CPU.Build.0 = Debug|Any CPU
		{282F4D4B-35C2-435D-B4C7-80229459E5C7}.Release|Any CPU.ActiveCfg = Release|Any CPU
		{282F4D4B-35C2-435D-B4C7-80229459E5C7}.Release|Any CPU.Build.0 = Release|Any CPU
	EndGlobalSection
	GlobalSection(SolutionProperties) = preSolution
		HideSolutionNode = FALSE
	EndGlobalSection
	GlobalSection(ExtensibilityGlobals) = postSolution
		SolutionGuid = {1C94794B-CA48-4EA6-8C48-5FC2B24DED63}
	EndGlobalSection
EndGlobal
